// !$*UTF8*$!
{
	archiveVersion = 1;
	classes = {
	};
	objectVersion = 46;
	objects = {

/* Begin PBXBuildFile section */
		F11A86E71E4B7D200075E6D9 /* AppDelegate.swift in Sources */ = {isa = PBXBuildFile; fileRef = F11A86E61E4B7D200075E6D9 /* AppDelegate.swift */; };
		F11A86E91E4B7D200075E6D9 /* FirstViewController.swift in Sources */ = {isa = PBXBuildFile; fileRef = F11A86E81E4B7D200075E6D9 /* FirstViewController.swift */; };
		F11A86EB1E4B7D200075E6D9 /* SecondViewController.swift in Sources */ = {isa = PBXBuildFile; fileRef = F11A86EA1E4B7D200075E6D9 /* SecondViewController.swift */; };
		F11A86EE1E4B7D200075E6D9 /* Main.storyboard in Resources */ = {isa = PBXBuildFile; fileRef = F11A86EC1E4B7D200075E6D9 /* Main.storyboard */; };
		F11A86F01E4B7D200075E6D9 /* Assets.xcassets in Resources */ = {isa = PBXBuildFile; fileRef = F11A86EF1E4B7D200075E6D9 /* Assets.xcassets */; };
		F11A86F31E4B7D200075E6D9 /* LaunchScreen.storyboard in Resources */ = {isa = PBXBuildFile; fileRef = F11A86F11E4B7D200075E6D9 /* LaunchScreen.storyboard */; };
/* End PBXBuildFile section */

/* Begin PBXFileReference section */
		F11A86E31E4B7D200075E6D9 /* EDSS App.app */ = {isa = PBXFileReference; explicitFileType = wrapper.application; includeInIndex = 0; path = "EDSS App.app"; sourceTree = BUILT_PRODUCTS_DIR; };
		F11A86E61E4B7D200075E6D9 /* AppDelegate.swift */ = {isa = PBXFileReference; lastKnownFileType = sourcecode.swift; path = AppDelegate.swift; sourceTree = "<group>"; };
		F11A86E81E4B7D200075E6D9 /* FirstViewController.swift */ = {isa = PBXFileReference; lastKnownFileType = sourcecode.swift; path = FirstViewController.swift; sourceTree = "<group>"; };
		F11A86EA1E4B7D200075E6D9 /* SecondViewController.swift */ = {isa = PBXFileReference; lastKnownFileType = sourcecode.swift; path = SecondViewController.swift; sourceTree = "<group>"; };
		F11A86ED1E4B7D200075E6D9 /* Base */ = {isa = PBXFileReference; lastKnownFileType = file.storyboard; name = Base; path = Base.lproj/Main.storyboard; sourceTree = "<group>"; };
		F11A86EF1E4B7D200075E6D9 /* Assets.xcassets */ = {isa = PBXFileReference; lastKnownFileType = folder.assetcatalog; path = Assets.xcassets; sourceTree = "<group>"; };
		F11A86F21E4B7D200075E6D9 /* Base */ = {isa = PBXFileReference; lastKnownFileType = file.storyboard; name = Base; path = Base.lproj/LaunchScreen.storyboard; sourceTree = "<group>"; };
		F11A86F41E4B7D200075E6D9 /* Info.plist */ = {isa = PBXFileReference; lastKnownFileType = text.plist.xml; path = Info.plist; sourceTree = "<group>"; };
/* End PBXFileReference section */

/* Begin PBXFrameworksBuildPhase section */
		F11A86E01E4B7D200075E6D9 /* Frameworks */ = {
			isa = PBXFrameworksBuildPhase;
			buildActionMask = 2147483647;
			files = (
			);
			runOnlyForDeploymentPostprocessing = 0;
		};
/* End PBXFrameworksBuildPhase section */

/* Begin PBXGroup section */
		F11A86DA1E4B7D200075E6D9 = {
			isa = PBXGroup;
			children = (
				F11A86E51E4B7D200075E6D9 /* EDSS App */,
				F11A86E41E4B7D200075E6D9 /* Products */,
			);
			sourceTree = "<group>";
		};
		F11A86E41E4B7D200075E6D9 /* Products */ = {
			isa = PBXGroup;
			children = (
				F11A86E31E4B7D200075E6D9 /* EDSS App.app */,
			);
			name = Products;
			sourceTree = "<group>";
		};
		F11A86E51E4B7D200075E6D9 /* EDSS App */ = {
			isa = PBXGroup;
			children = (
				F11A86E61E4B7D200075E6D9 /* AppDelegate.swift */,
				F11A86E81E4B7D200075E6D9 /* FirstViewController.swift */,
				F11A86EA1E4B7D200075E6D9 /* SecondViewController.swift */,
				F11A86EC1E4B7D200075E6D9 /* Main.storyboard */,
				F11A86EF1E4B7D200075E6D9 /* Assets.xcassets */,
				F11A86F11E4B7D200075E6D9 /* LaunchScreen.storyboard */,
				F11A86F41E4B7D200075E6D9 /* Info.plist */,
			);
			path = "EDSS App";
			sourceTree = "<group>";
		};
/* End PBXGroup section */

/* Begin PBXNativeTarget section */
		F11A86E21E4B7D200075E6D9 /* EDSS App */ = {
			isa = PBXNativeTarget;
			buildConfigurationList = F11A86F71E4B7D200075E6D9 /* Build configuration list for PBXNativeTarget "EDSS App" */;
			buildPhases = (
				F11A86DF1E4B7D200075E6D9 /* Sources */,
				F11A86E01E4B7D200075E6D9 /* Frameworks */,
				F11A86E11E4B7D200075E6D9 /* Resources */,
			);
			buildRules = (
			);
			dependencies = (
			);
			name = "EDSS App";
			productName = "EDSS App";
			productReference = F11A86E31E4B7D200075E6D9 /* EDSS App.app */;
			productType = "com.apple.product-type.application";
		};
/* End PBXNativeTarget section */

/* Begin PBXProject section */
		F11A86DB1E4B7D200075E6D9 /* Project object */ = {
			isa = PBXProject;
			attributes = {
				LastSwiftUpdateCheck = 0820;
				LastUpgradeCheck = 0820;
				ORGANIZATIONNAME = "Tristan Devos";
				TargetAttributes = {
					F11A86E21E4B7D200075E6D9 = {
						CreatedOnToolsVersion = 8.2.1;
						ProvisioningStyle = Automatic;
					};
				};
			};
			buildConfigurationList = F11A86DE1E4B7D200075E6D9 /* Build configuration list for PBXProject "EDSS App" */;
			compatibilityVersion = "Xcode 3.2";
			developmentRegion = English;
			hasScannedForEncodings = 0;
			knownRegions = (
				en,
				Base,
			);
			mainGroup = F11A86DA1E4B7D200075E6D9;
			productRefGroup = F11A86E41E4B7D200075E6D9 /* Products */;
			projectDirPath = "";
			projectRoot = "";
			targets = (
				F11A86E21E4B7D200075E6D9 /* EDSS App */,
			);
		};
/* End PBXProject section */

/* Begin PBXResourcesBuildPhase section */
		F11A86E11E4B7D200075E6D9 /* Resources */ = {
			isa = PBXResourcesBuildPhase;
			buildActionMask = 2147483647;
			files = (
				F11A86F31E4B7D200075E6D9 /* LaunchScreen.storyboard in Resources */,
				F11A86F01E4B7D200075E6D9 /* Assets.xcassets in Resources */,
				F11A86EE1E4B7D200075E6D9 /* Main.storyboard in Resources */,
			);
			runOnlyForDeploymentPostprocessing = 0;
		};
/* End PBXResourcesBuildPhase section */

/* Begin PBXSourcesBuildPhase section */
		F11A86DF1E4B7D200075E6D9 /* Sources */ = {
			isa = PBXSourcesBuildPhase;
			buildActionMask = 2147483647;
			files = (
				F11A86EB1E4B7D200075E6D9 /* SecondViewController.swift in Sources */,
				F11A86E71E4B7D200075E6D9 /* AppDelegate.swift in Sources */,
				F11A86E91E4B7D200075E6D9 /* FirstViewController.swift in Sources */,
			);
			runOnlyForDeploymentPostprocessing = 0;
		};
/* End PBXSourcesBuildPhase section */

/* Begin PBXVariantGroup section */
		F11A86EC1E4B7D200075E6D9 /* Main.storyboard */ = {
			isa = PBXVariantGroup;
			children = (
				F11A86ED1E4B7D200075E6D9 /* Base */,
			);
			name = Main.storyboard;
			sourceTree = "<group>";
		};
		F11A86F11E4B7D200075E6D9 /* LaunchScreen.storyboard */ = {
			isa = PBXVariantGroup;
			children = (
				F11A86F21E4B7D200075E6D9 /* Base */,
			);
			name = LaunchScreen.storyboard;
			sourceTree = "<group>";
		};
/* End PBXVariantGroup section */

/* Begin XCBuildConfiguration section */
		F11A86F51E4B7D200075E6D9 /* Debug */ = {
			isa = XCBuildConfiguration;
			buildSettings = {
				ALWAYS_SEARCH_USER_PATHS = NO;
				CLANG_ANALYZER_NONNULL = YES;
				CLANG_CXX_LANGUAGE_STANDARD = "gnu++0x";
				CLANG_CXX_LIBRARY = "libc++";
				CLANG_ENABLE_MODULES = YES;
				CLANG_ENABLE_OBJC_ARC = YES;
				CLANG_WARN_BOOL_CONVERSION = YES;
				CLANG_WARN_CONSTANT_CONVERSION = YES;
				CLANG_WARN_DIRECT_OBJC_ISA_USAGE = YES_ERROR;
				CLANG_WARN_DOCUMENTATION_COMMENTS = YES;
				CLANG_WARN_EMPTY_BODY = YES;
				CLANG_WARN_ENUM_CONVERSION = YES;
				CLANG_WARN_INFINITE_RECURSION = YES;
				CLANG_WARN_INT_CONVERSION = YES;
				CLANG_WARN_OBJC_ROOT_CLASS = YES_ERROR;
				CLANG_WARN_SUSPICIOUS_MOVE = YES;
				CLANG_WARN_UNREACHABLE_CODE = YES;
				CLANG_WARN__DUPLICATE_METHOD_MATCH = YES;
				"CODE_SIGN_IDENTITY[sdk=iphoneos*]" = "iPhone Developer";
				COPY_PHASE_STRIP = NO;
				DEBUG_INFORMATION_FORMAT = dwarf;
				ENABLE_STRICT_OBJC_MSGSEND = YES;
				ENABLE_TESTABILITY = YES;
				GCC_C_LANGUAGE_STANDARD = gnu99;
				GCC_DYNAMIC_NO_PIC = NO;
				GCC_NO_COMMON_BLOCKS = YES;
				GCC_OPTIMIZATION_LEVEL = 0;
				GCC_PREPROCESSOR_DEFINITIONS = (
					"DEBUG=1",
					"$(inherited)",
				);
				GCC_WARN_64_TO_32_BIT_CONVERSION = YES;
				GCC_WARN_ABOUT_RETURN_TYPE = YES_ERROR;
				GCC_WARN_UNDECLARED_SELECTOR = YES;
				GCC_WARN_UNINITIALIZED_AUTOS = YES_AGGRESSIVE;
				GCC_WARN_UNUSED_FUNCTION = YES;
				GCC_WARN_UNUSED_VARIABLE = YES;
				IPHONEOS_DEPLOYMENT_TARGET = 10.2;
				MTL_ENABLE_DEBUG_INFO = YES;
				ONLY_ACTIVE_ARCH = YES;
				SDKROOT = iphoneos;
				SWIFT_ACTIVE_COMPILATION_CONDITIONS = DEBUG;
				SWIFT_OPTIMIZATION_LEVEL = "-Onone";
				TARGETED_DEVICE_FAMILY = "1,2";
			};
			name = Debug;
		};
		F11A86F61E4B7D200075E6D9 /* Release */ = {
			isa = XCBuildConfiguration;
			buildSettings = {
				ALWAYS_SEARCH_USER_PATHS = NO;
				CLANG_ANALYZER_NONNULL = YES;
				CLANG_CXX_LANGUAGE_STANDARD = "gnu++0x";
				CLANG_CXX_LIBRARY = "libc++";
				CLANG_ENABLE_MODULES = YES;
				CLANG_ENABLE_OBJC_ARC = YES;
				CLANG_WARN_BOOL_CONVERSION = YES;
				CLANG_WARN_CONSTANT_CONVERSION = YES;
				CLANG_WARN_DIRECT_OBJC_ISA_USAGE = YES_ERROR;
				CLANG_WARN_DOCUMENTATION_COMMENTS = YES;
				CLANG_WARN_EMPTY_BODY = YES;
				CLANG_WARN_ENUM_CONVERSION = YES;
				CLANG_WARN_INFINITE_RECURSION = YES;
				CLANG_WARN_INT_CONVERSION = YES;
				CLANG_WARN_OBJC_ROOT_CLASS = YES_ERROR;
				CLANG_WARN_SUSPICIOUS_MOVE = YES;
				CLANG_WARN_UNREACHABLE_CODE = YES;
				CLANG_WARN__DUPLICATE_METHOD_MATCH = YES;
				"CODE_SIGN_IDENTITY[sdk=iphoneos*]" = "iPhone Developer";
				COPY_PHASE_STRIP = NO;
				DEBUG_INFORMATION_FORMAT = "dwarf-with-dsym";
				ENABLE_NS_ASSERTIONS = NO;
				ENABLE_STRICT_OBJC_MSGSEND = YES;
				GCC_C_LANGUAGE_STANDARD = gnu99;
				GCC_NO_COMMON_BLOCKS = YES;
				GCC_WARN_64_TO_32_BIT_CONVERSION = YES;
				GCC_WARN_ABOUT_RETURN_TYPE = YES_ERROR;
				GCC_WARN_UNDECLARED_SELECTOR = YES;
				GCC_WARN_UNINITIALIZED_AUTOS = YES_AGGRESSIVE;
				GCC_WARN_UNUSED_FUNCTION = YES;
				GCC_WARN_UNUSED_VARIABLE = YES;
				IPHONEOS_DEPLOYMENT_TARGET = 10.2;
				MTL_ENABLE_DEBUG_INFO = NO;
				SDKROOT = iphoneos;
				SWIFT_OPTIMIZATION_LEVEL = "-Owholemodule";
				TARGETED_DEVICE_FAMILY = "1,2";
				VALIDATE_PRODUCT = YES;
			};
			name = Release;
		};
		F11A86F81E4B7D200075E6D9 /* Debug */ = {
			isa = XCBuildConfiguration;
			buildSettings = {
				ASSETCATALOG_COMPILER_APPICON_NAME = AppIcon;
				INFOPLIST_FILE = "EDSS App/Info.plist";
				LD_RUNPATH_SEARCH_PATHS = "$(inherited) @executable_path/Frameworks";
				PRODUCT_BUNDLE_IDENTIFIER = "ICS.EDSS-App";
				PRODUCT_NAME = "$(TARGET_NAME)";
				SWIFT_VERSION = 3.0;
			};
			name = Debug;
		};
		F11A86F91E4B7D200075E6D9 /* Release */ = {
			isa = XCBuildConfiguration;
			buildSettings = {
				ASSETCATALOG_COMPILER_APPICON_NAME = AppIcon;
				INFOPLIST_FILE = "EDSS App/Info.plist";
				LD_RUNPATH_SEARCH_PATHS = "$(inherited) @executable_path/Frameworks";
				PRODUCT_BUNDLE_IDENTIFIER = "ICS.EDSS-App";
				PRODUCT_NAME = "$(TARGET_NAME)";
				SWIFT_VERSION = 3.0;
			};
			name = Release;
		};
/* End XCBuildConfiguration section */

/* Begin XCConfigurationList section */
		F11A86DE1E4B7D200075E6D9 /* Build configuration list for PBXProject "EDSS App" */ = {
			isa = XCConfigurationList;
			buildConfigurations = (
				F11A86F51E4B7D200075E6D9 /* Debug */,
				F11A86F61E4B7D200075E6D9 /* Release */,
			);
			defaultConfigurationIsVisible = 0;
			defaultConfigurationName = Release;
		};
		F11A86F71E4B7D200075E6D9 /* Build configuration list for PBXNativeTarget "EDSS App" */ = {
			isa = XCConfigurationList;
			buildConfigurations = (
				F11A86F81E4B7D200075E6D9 /* Debug */,
				F11A86F91E4B7D200075E6D9 /* Release */,
			);
			defaultConfigurationIsVisible = 0;
		};
/* End XCConfigurationList section */
	};
	rootObject = F11A86DB1E4B7D200075E6D9 /* Project object */;
}
